
Microsoft Visual Studio Solution File, Format Version 12.00
# Visual Studio 2013
VisualStudioVersion = 12.0.40629.0
MinimumVisualStudioVersion = 10.0.40219.1
Project("{FAE04EC0-301F-11D3-BF4B-00C04F79EFBC}") = "WASender", "WASender\WASender.csproj", "{5D3DDC1C-488F-4511-8CC6-BC86545A1D82}"
EndProject
Project("{54435603-DBB4-11D2-8724-00A0C9A8B90C}") = "WaSenderSetUp", "WaSenderSetUp\WaSenderSetUp.vdproj", "{6D601FE4-341A-4F9C-ADD3-F3C1FBF29BF2}"
EndProject
Project("{FAE04EC0-301F-11D3-BF4B-00C04F79EFBC}") = "WaSenderKeyGen", "WaSenderKeyGen\WaSenderKeyGen.csproj", "{A93A36A5-CAE5-4EFF-A582-87CD1DD5F6E6}"
EndProject
Global
	GlobalSection(SolutionConfigurationPlatforms) = preSolution
		Debug|Any CPU = Debug|Any CPU
		Release|Any CPU = Release|Any CPU
	EndGlobalSection
	GlobalSection(ProjectConfigurationPlatforms) = postSolution
		{5D3DDC1C-488F-4511-8CC6-BC86545A1D82}.Debug|Any CPU.ActiveCfg = Debug|Any CPU
		{5D3DDC1C-488F-4511-8CC6-BC86545A1D82}.Debug|Any CPU.Build.0 = Debug|Any CPU
		{5D3DDC1C-488F-4511-8CC6-BC86545A1D82}.Release|Any CPU.ActiveCfg = Release|Any CPU
		{5D3DDC1C-488F-4511-8CC6-BC86545A1D82}.Release|Any CPU.Build.0 = Release|Any CPU
		{6D601FE4-341A-4F9C-ADD3-F3C1FBF29BF2}.Debug|Any CPU.ActiveCfg = Debug
		{6D601FE4-341A-4F9C-ADD3-F3C1FBF29BF2}.Release|Any CPU.ActiveCfg = Release
		{A93A36A5-CAE5-4EFF-A582-87CD1DD5F6E6}.Debug|Any CPU.ActiveCfg = Debug|Any CPU
		{A93A36A5-CAE5-4EFF-A582-87CD1DD5F6E6}.Debug|Any CPU.Build.0 = Debug|Any CPU
		{A93A36A5-CAE5-4EFF-A582-87CD1DD5F6E6}.Release|Any CPU.ActiveCfg = Release|Any CPU
		{A93A36A5-CAE5-4EFF-A582-87CD1DD5F6E6}.Release|Any CPU.Build.0 = Release|Any CPU
	EndGlobalSection
	GlobalSection(SolutionProperties) = preSolution
		HideSolutionNode = FALSE
	EndGlobalSection
EndGlobal
